
Microsoft Visual Studio Solution File, Format Version 12.00
# Visual Studio Version 17
VisualStudioVersion = 17.5.33530.505
MinimumVisualStudioVersion = 10.0.40219.1
Project("{FAE04EC0-301F-11D3-BF4B-00C04F79EFBC}") = "SystemThreadingApp", "SystemThreadingApp\SystemThreadingApp.csproj", "{75A49287-4504-438A-AB0F-5408BF700936}"
EndProject
Global
	GlobalSection(SolutionConfigurationPlatforms) = preSolution
		Debug|Any CPU = Debug|Any CPU
		Release|Any CPU = Release|Any CPU
	EndGlobalSection
	GlobalSection(ProjectConfigurationPlatforms) = postSolution
		{75A49287-4504-438A-AB0F-5408BF700936}.Debug|Any CPU.ActiveCfg = Debug|Any CPU
		{75A49287-4504-438A-AB0F-5408BF700936}.Debug|Any CPU.Build.0 = Debug|Any CPU
		{75A49287-4504-438A-AB0F-5408BF700936}.Release|Any CPU.ActiveCfg = Release|Any CPU
		{75A49287-4504-438A-AB0F-5408BF700936}.Release|Any CPU.Build.0 = Release|Any CPU
	EndGlobalSection
	GlobalSection(SolutionProperties) = preSolution
		HideSolutionNode = FALSE
	EndGlobalSection
	GlobalSection(ExtensibilityGlobals) = postSolution
		SolutionGuid = {D1E12537-8DDF-445C-8FA1-28C3C9517789}
	EndGlobalSection
EndGlobal
